
Microsoft Visual Studio Solution File, Format Version 12.00
# Visual Studio Version 17
VisualStudioVersion = 17.9.34728.123
MinimumVisualStudioVersion = 10.0.40219.1
Project("{FAE04EC0-301F-11D3-BF4B-00C04F79EFBC}") = "NextGen", "NextGen.csproj", "{21DE561F-E340-4207-BB9E-F9B3675F19D8}"
EndProject
Global
	GlobalSection(SolutionConfigurationPlatforms) = preSolution
		Debug|Any CPU = Debug|Any CPU
		Release|Any CPU = Release|Any CPU
	EndGlobalSection
	GlobalSection(ProjectConfigurationPlatforms) = postSolution
		{21DE561F-E340-4207-BB9E-F9B3675F19D8}.Debug|Any CPU.ActiveCfg = Debug|Any CPU
		{21DE561F-E340-4207-BB9E-F9B3675F19D8}.Debug|Any CPU.Build.0 = Debug|Any CPU
		{21DE561F-E340-4207-BB9E-F9B3675F19D8}.Release|Any CPU.ActiveCfg = Release|Any CPU
		{21DE561F-E340-4207-BB9E-F9B3675F19D8}.Release|Any CPU.Build.0 = Release|Any CPU
	EndGlobalSection
	GlobalSection(SolutionProperties) = preSolution
		HideSolutionNode = FALSE
	EndGlobalSection
	GlobalSection(ExtensibilityGlobals) = postSolution
		SolutionGuid = {82B3EA8E-CE3A-4A0B-B5C4-137B66245FDC}
	EndGlobalSection
EndGlobal
